
Microsoft Visual Studio Solution File, Format Version 12.00
# Visual Studio 2013
VisualStudioVersion = 12.0.40629.0
MinimumVisualStudioVersion = 10.0.40219.1
Project("{2150E333-8FDC-42A3-9474-1A3956D46DE8}") = "Basics of WFC for .net 3.5 Samples", "Basics of WFC for .net 3.5 Samples", "{A0227CED-29FC-4234-9115-2320D6F5841A}"
EndProject
Project("{2150E333-8FDC-42A3-9474-1A3956D46DE8}") = "Chapter_1", "Chapter_1", "{1232ADC8-56F7-4375-8A8B-4A8E409FF494}"
EndProject
Project("{2150E333-8FDC-42A3-9474-1A3956D46DE8}") = "Sample_1", "Sample_1", "{28B65EE9-50D2-459D-91E4-5BCC5FB27640}"
EndProject
Project("{FAE04EC0-301F-11D3-BF4B-00C04F79EFBC}") = "Server", "WCF\Basics of WFC for .net 3.5 Samples\Chapter_1\Sample_1\Server\Server.csproj", "{5BE3AA84-A753-4E0D-BE89-193004A99DC8}"
EndProject
Project("{2150E333-8FDC-42A3-9474-1A3956D46DE8}") = "Solution Items", "Solution Items", "{8056E89B-0B4F-439F-A7F3-FC42D415FC45}"
	ProjectSection(SolutionItems) = preProject
		README.md = README.md
	EndProjectSection
EndProject
Project("{2150E333-8FDC-42A3-9474-1A3956D46DE8}") = "Sample_2", "Sample_2", "{410CABF2-BCBF-4577-935C-DCD6982A3FBB}"
EndProject
Project("{FAE04EC0-301F-11D3-BF4B-00C04F79EFBC}") = "Server", "WCF\Basics of WFC for .net 3.5 Samples\Chapter_1\Sample_2\Server\Server.csproj", "{6FD38ED1-79E5-47A3-B1B4-54FEBD4484D1}"
EndProject
Project("{2150E333-8FDC-42A3-9474-1A3956D46DE8}") = "Sample_3", "Sample_3", "{67441FFE-6DDB-45B2-AB35-BBE7BB2A8116}"
EndProject
Project("{FAE04EC0-301F-11D3-BF4B-00C04F79EFBC}") = "Server", "WCF\Basics of WFC for .net 3.5 Samples\Chapter_1\Sample_3\Server\Server.csproj", "{3CA0A84E-373C-4482-8562-2902E76F624A}"
EndProject
Project("{2150E333-8FDC-42A3-9474-1A3956D46DE8}") = "Sample_4", "Sample_4", "{BC75EF1C-E16D-4E26-98F0-9D8408069B22}"
EndProject
Project("{FAE04EC0-301F-11D3-BF4B-00C04F79EFBC}") = "Server", "WCF\Basics of WFC for .net 3.5 Samples\Chapter_1\Sample_4\Server\Server.csproj", "{E41C8372-4201-4C66-A5E3-D546B41B551F}"
EndProject
Project("{FAE04EC0-301F-11D3-BF4B-00C04F79EFBC}") = "Client", "WCF\Basics of WFC for .net 3.5 Samples\Chapter_1\Sample_1\Client\Client.csproj", "{C23F8249-B0DE-4052-B22E-D463093CB4E8}"
EndProject
Project("{FAE04EC0-301F-11D3-BF4B-00C04F79EFBC}") = "Client", "WCF\Basics of WFC for .net 3.5 Samples\Chapter_1\Sample_4\Client\Client.csproj", "{92634EF0-4C61-4042-B56A-61C9AEBDD580}"
EndProject
Project("{2150E333-8FDC-42A3-9474-1A3956D46DE8}") = "Chapter_2", "Chapter_2", "{F0427F76-6866-44AD-B7E8-D6B74248B33E}"
EndProject
Project("{2150E333-8FDC-42A3-9474-1A3956D46DE8}") = "Sample_1", "Sample_1", "{66ABDDAB-B74D-4949-878A-EE1ECAB38841}"
EndProject
Project("{FAE04EC0-301F-11D3-BF4B-00C04F79EFBC}") = "Server", "WCF\Basics of WFC for .net 3.5 Samples\Chapter_2\Sample_1\Server\Server.csproj", "{E2A44FA3-4995-47F5-B273-49A68E692F53}"
EndProject
Project("{FAE04EC0-301F-11D3-BF4B-00C04F79EFBC}") = "Client", "WCF\Basics of WFC for .net 3.5 Samples\Chapter_2\Sample_1\Client\Client.csproj", "{7E34C0B9-41E4-4AAC-95B6-937EAB10AD48}"
EndProject
Project("{2150E333-8FDC-42A3-9474-1A3956D46DE8}") = "Sample_2", "Sample_2", "{BFC9394B-EEF3-438A-AB14-3CCA4CCE5043}"
EndProject
Project("{FAE04EC0-301F-11D3-BF4B-00C04F79EFBC}") = "Server", "WCF\Basics of WFC for .net 3.5 Samples\Chapter_2\Sample_2\Server\Server.csproj", "{78E2A4C5-9117-4A33-AC19-A1CAB66C837E}"
EndProject
Project("{FAE04EC0-301F-11D3-BF4B-00C04F79EFBC}") = "Client", "WCF\Basics of WFC for .net 3.5 Samples\Chapter_2\Sample_2\Client\Client.csproj", "{656D461F-1C3E-470E-9466-DA90C5DFC9E6}"
EndProject
Project("{2150E333-8FDC-42A3-9474-1A3956D46DE8}") = "Sample_3", "Sample_3", "{209AD723-893C-4B93-9154-5995FCF72C91}"
EndProject
Project("{FAE04EC0-301F-11D3-BF4B-00C04F79EFBC}") = "Server", "WCF\Basics of WFC for .net 3.5 Samples\Chapter_2\Sample_3\Server\Server.csproj", "{F8272B57-074A-4D96-93C8-CD2380B0CA23}"
EndProject
Project("{FAE04EC0-301F-11D3-BF4B-00C04F79EFBC}") = "Client", "WCF\Basics of WFC for .net 3.5 Samples\Chapter_2\Sample_3\Client\Client.csproj", "{086CDF55-53E6-4C45-AA3E-D9527E82AD6F}"
EndProject
Project("{2150E333-8FDC-42A3-9474-1A3956D46DE8}") = "Sample_4", "Sample_4", "{7F7A3EA6-C2C3-4728-891B-6D88B9EA6418}"
EndProject
Project("{FAE04EC0-301F-11D3-BF4B-00C04F79EFBC}") = "Server", "WCF\Basics of WFC for .net 3.5 Samples\Chapter_2\Sample_4\Server\Server.csproj", "{B38347EB-FA30-4317-B3D9-D7CC9889FDC6}"
EndProject
Project("{FAE04EC0-301F-11D3-BF4B-00C04F79EFBC}") = "Client", "WCF\Basics of WFC for .net 3.5 Samples\Chapter_2\Sample_4\Client\Client.csproj", "{68F0D554-58E6-4D18-86E3-01BCC9318530}"
EndProject
Project("{2150E333-8FDC-42A3-9474-1A3956D46DE8}") = "Sample_5", "Sample_5", "{0E408142-C062-4419-953A-8F4EB5EFC5A9}"
EndProject
Project("{FAE04EC0-301F-11D3-BF4B-00C04F79EFBC}") = "Server", "WCF\Basics of WFC for .net 3.5 Samples\Chapter_2\Sample_5\Server\Server.csproj", "{D533B6E2-5CD6-4336-BE18-BF24721A8793}"
EndProject
Project("{FAE04EC0-301F-11D3-BF4B-00C04F79EFBC}") = "Client", "WCF\Basics of WFC for .net 3.5 Samples\Chapter_2\Sample_5\Client\Client.csproj", "{76A1B134-E9F7-46A0-8159-3C2AB3A62934}"
EndProject
Project("{2150E333-8FDC-42A3-9474-1A3956D46DE8}") = "Sample_6", "Sample_6", "{A5D90CFC-B9CF-47A5-ADBF-A14847437979}"
EndProject
Project("{FAE04EC0-301F-11D3-BF4B-00C04F79EFBC}") = "Server", "WCF\Basics of WFC for .net 3.5 Samples\Chapter_2\Sample_6\Server\Server.csproj", "{164C0D73-1EAC-40D8-B779-821A9B7572DD}"
EndProject
Project("{FAE04EC0-301F-11D3-BF4B-00C04F79EFBC}") = "Client", "WCF\Basics of WFC for .net 3.5 Samples\Chapter_2\Sample_6\Client\Client.csproj", "{CD3FB56B-52F0-44DA-8620-E01BD3BAB73F}"
EndProject
Project("{2150E333-8FDC-42A3-9474-1A3956D46DE8}") = "Sample_7", "Sample_7", "{72BB4AEC-FD67-4ECD-9F02-5B4C708BF120}"
EndProject
Project("{FAE04EC0-301F-11D3-BF4B-00C04F79EFBC}") = "Server", "WCF\Basics of WFC for .net 3.5 Samples\Chapter_2\Sample_7\Server\Server.csproj", "{32CED1C0-2D49-4AC9-B812-0EB9271C5A00}"
EndProject
Project("{FAE04EC0-301F-11D3-BF4B-00C04F79EFBC}") = "Client", "WCF\Basics of WFC for .net 3.5 Samples\Chapter_2\Sample_7\Client\Client.csproj", "{6FDA2A78-8CF8-405C-9A27-002335BB9745}"
EndProject
Project("{2150E333-8FDC-42A3-9474-1A3956D46DE8}") = "Sample_8", "Sample_8", "{C383D58E-2445-4650-A143-4510F7016B7F}"
EndProject
Project("{FAE04EC0-301F-11D3-BF4B-00C04F79EFBC}") = "Server", "WCF\Basics of WFC for .net 3.5 Samples\Chapter_2\Sample_8\Server\Server.csproj", "{20061394-48DA-49B0-BD54-5E4653784608}"
EndProject
Project("{FAE04EC0-301F-11D3-BF4B-00C04F79EFBC}") = "Client", "WCF\Basics of WFC for .net 3.5 Samples\Chapter_2\Sample_8\Client\Client.csproj", "{ECDB2525-7235-4D43-B747-D3134E9EAD32}"
EndProject
Global
	GlobalSection(SolutionConfigurationPlatforms) = preSolution
		Debug|Any CPU = Debug|Any CPU
		Release|Any CPU = Release|Any CPU
	EndGlobalSection
	GlobalSection(ProjectConfigurationPlatforms) = postSolution
		{5BE3AA84-A753-4E0D-BE89-193004A99DC8}.Debug|Any CPU.ActiveCfg = Debug|Any CPU
		{5BE3AA84-A753-4E0D-BE89-193004A99DC8}.Debug|Any CPU.Build.0 = Debug|Any CPU
		{5BE3AA84-A753-4E0D-BE89-193004A99DC8}.Release|Any CPU.ActiveCfg = Release|Any CPU
		{5BE3AA84-A753-4E0D-BE89-193004A99DC8}.Release|Any CPU.Build.0 = Release|Any CPU
		{6FD38ED1-79E5-47A3-B1B4-54FEBD4484D1}.Debug|Any CPU.ActiveCfg = Debug|Any CPU
		{6FD38ED1-79E5-47A3-B1B4-54FEBD4484D1}.Debug|Any CPU.Build.0 = Debug|Any CPU
		{6FD38ED1-79E5-47A3-B1B4-54FEBD4484D1}.Release|Any CPU.ActiveCfg = Release|Any CPU
		{6FD38ED1-79E5-47A3-B1B4-54FEBD4484D1}.Release|Any CPU.Build.0 = Release|Any CPU
		{3CA0A84E-373C-4482-8562-2902E76F624A}.Debug|Any CPU.ActiveCfg = Debug|Any CPU
		{3CA0A84E-373C-4482-8562-2902E76F624A}.Debug|Any CPU.Build.0 = Debug|Any CPU
		{3CA0A84E-373C-4482-8562-2902E76F624A}.Release|Any CPU.ActiveCfg = Release|Any CPU
		{3CA0A84E-373C-4482-8562-2902E76F624A}.Release|Any CPU.Build.0 = Release|Any CPU
		{E41C8372-4201-4C66-A5E3-D546B41B551F}.Debug|Any CPU.ActiveCfg = Debug|Any CPU
		{E41C8372-4201-4C66-A5E3-D546B41B551F}.Debug|Any CPU.Build.0 = Debug|Any CPU
		{E41C8372-4201-4C66-A5E3-D546B41B551F}.Release|Any CPU.ActiveCfg = Release|Any CPU
		{E41C8372-4201-4C66-A5E3-D546B41B551F}.Release|Any CPU.Build.0 = Release|Any CPU
		{C23F8249-B0DE-4052-B22E-D463093CB4E8}.Debug|Any CPU.ActiveCfg = Debug|Any CPU
		{C23F8249-B0DE-4052-B22E-D463093CB4E8}.Debug|Any CPU.Build.0 = Debug|Any CPU
		{C23F8249-B0DE-4052-B22E-D463093CB4E8}.Release|Any CPU.ActiveCfg = Release|Any CPU
		{C23F8249-B0DE-4052-B22E-D463093CB4E8}.Release|Any CPU.Build.0 = Release|Any CPU
		{92634EF0-4C61-4042-B56A-61C9AEBDD580}.Debug|Any CPU.ActiveCfg = Debug|Any CPU
		{92634EF0-4C61-4042-B56A-61C9AEBDD580}.Debug|Any CPU.Build.0 = Debug|Any CPU
		{92634EF0-4C61-4042-B56A-61C9AEBDD580}.Release|Any CPU.ActiveCfg = Release|Any CPU
		{92634EF0-4C61-4042-B56A-61C9AEBDD580}.Release|Any CPU.Build.0 = Release|Any CPU
		{E2A44FA3-4995-47F5-B273-49A68E692F53}.Debug|Any CPU.ActiveCfg = Debug|Any CPU
		{E2A44FA3-4995-47F5-B273-49A68E692F53}.Debug|Any CPU.Build.0 = Debug|Any CPU
		{E2A44FA3-4995-47F5-B273-49A68E692F53}.Release|Any CPU.ActiveCfg = Release|Any CPU
		{E2A44FA3-4995-47F5-B273-49A68E692F53}.Release|Any CPU.Build.0 = Release|Any CPU
		{7E34C0B9-41E4-4AAC-95B6-937EAB10AD48}.Debug|Any CPU.ActiveCfg = Debug|Any CPU
		{7E34C0B9-41E4-4AAC-95B6-937EAB10AD48}.Debug|Any CPU.Build.0 = Debug|Any CPU
		{7E34C0B9-41E4-4AAC-95B6-937EAB10AD48}.Release|Any CPU.ActiveCfg = Release|Any CPU
		{7E34C0B9-41E4-4AAC-95B6-937EAB10AD48}.Release|Any CPU.Build.0 = Release|Any CPU
		{78E2A4C5-9117-4A33-AC19-A1CAB66C837E}.Debug|Any CPU.ActiveCfg = Debug|Any CPU
		{78E2A4C5-9117-4A33-AC19-A1CAB66C837E}.Debug|Any CPU.Build.0 = Debug|Any CPU
		{78E2A4C5-9117-4A33-AC19-A1CAB66C837E}.Release|Any CPU.ActiveCfg = Release|Any CPU
		{78E2A4C5-9117-4A33-AC19-A1CAB66C837E}.Release|Any CPU.Build.0 = Release|Any CPU
		{656D461F-1C3E-470E-9466-DA90C5DFC9E6}.Debug|Any CPU.ActiveCfg = Debug|Any CPU
		{656D461F-1C3E-470E-9466-DA90C5DFC9E6}.Debug|Any CPU.Build.0 = Debug|Any CPU
		{656D461F-1C3E-470E-9466-DA90C5DFC9E6}.Release|Any CPU.ActiveCfg = Release|Any CPU
		{656D461F-1C3E-470E-9466-DA90C5DFC9E6}.Release|Any CPU.Build.0 = Release|Any CPU
		{F8272B57-074A-4D96-93C8-CD2380B0CA23}.Debug|Any CPU.ActiveCfg = Debug|Any CPU
		{F8272B57-074A-4D96-93C8-CD2380B0CA23}.Debug|Any CPU.Build.0 = Debug|Any CPU
		{F8272B57-074A-4D96-93C8-CD2380B0CA23}.Release|Any CPU.ActiveCfg = Release|Any CPU
		{F8272B57-074A-4D96-93C8-CD2380B0CA23}.Release|Any CPU.Build.0 = Release|Any CPU
		{086CDF55-53E6-4C45-AA3E-D9527E82AD6F}.Debug|Any CPU.ActiveCfg = Debug|Any CPU
		{086CDF55-53E6-4C45-AA3E-D9527E82AD6F}.Debug|Any CPU.Build.0 = Debug|Any CPU
		{086CDF55-53E6-4C45-AA3E-D9527E82AD6F}.Release|Any CPU.ActiveCfg = Release|Any CPU
		{086CDF55-53E6-4C45-AA3E-D9527E82AD6F}.Release|Any CPU.Build.0 = Release|Any CPU
		{B38347EB-FA30-4317-B3D9-D7CC9889FDC6}.Debug|Any CPU.ActiveCfg = Debug|Any CPU
		{B38347EB-FA30-4317-B3D9-D7CC9889FDC6}.Debug|Any CPU.Build.0 = Debug|Any CPU
		{B38347EB-FA30-4317-B3D9-D7CC9889FDC6}.Release|Any CPU.ActiveCfg = Release|Any CPU
		{B38347EB-FA30-4317-B3D9-D7CC9889FDC6}.Release|Any CPU.Build.0 = Release|Any CPU
		{68F0D554-58E6-4D18-86E3-01BCC9318530}.Debug|Any CPU.ActiveCfg = Debug|Any CPU
		{68F0D554-58E6-4D18-86E3-01BCC9318530}.Debug|Any CPU.Build.0 = Debug|Any CPU
		{68F0D554-58E6-4D18-86E3-01BCC9318530}.Release|Any CPU.ActiveCfg = Release|Any CPU
		{68F0D554-58E6-4D18-86E3-01BCC9318530}.Release|Any CPU.Build.0 = Release|Any CPU
		{D533B6E2-5CD6-4336-BE18-BF24721A8793}.Debug|Any CPU.ActiveCfg = Debug|Any CPU
		{D533B6E2-5CD6-4336-BE18-BF24721A8793}.Debug|Any CPU.Build.0 = Debug|Any CPU
		{D533B6E2-5CD6-4336-BE18-BF24721A8793}.Release|Any CPU.ActiveCfg = Release|Any CPU
		{D533B6E2-5CD6-4336-BE18-BF24721A8793}.Release|Any CPU.Build.0 = Release|Any CPU
		{76A1B134-E9F7-46A0-8159-3C2AB3A62934}.Debug|Any CPU.ActiveCfg = Debug|Any CPU
		{76A1B134-E9F7-46A0-8159-3C2AB3A62934}.Debug|Any CPU.Build.0 = Debug|Any CPU
		{76A1B134-E9F7-46A0-8159-3C2AB3A62934}.Release|Any CPU.ActiveCfg = Release|Any CPU
		{76A1B134-E9F7-46A0-8159-3C2AB3A62934}.Release|Any CPU.Build.0 = Release|Any CPU
		{164C0D73-1EAC-40D8-B779-821A9B7572DD}.Debug|Any CPU.ActiveCfg = Debug|Any CPU
		{164C0D73-1EAC-40D8-B779-821A9B7572DD}.Debug|Any CPU.Build.0 = Debug|Any CPU
		{164C0D73-1EAC-40D8-B779-821A9B7572DD}.Release|Any CPU.ActiveCfg = Release|Any CPU
		{164C0D73-1EAC-40D8-B779-821A9B7572DD}.Release|Any CPU.Build.0 = Release|Any CPU
		{CD3FB56B-52F0-44DA-8620-E01BD3BAB73F}.Debug|Any CPU.ActiveCfg = Debug|Any CPU
		{CD3FB56B-52F0-44DA-8620-E01BD3BAB73F}.Debug|Any CPU.Build.0 = Debug|Any CPU
		{CD3FB56B-52F0-44DA-8620-E01BD3BAB73F}.Release|Any CPU.ActiveCfg = Release|Any CPU
		{CD3FB56B-52F0-44DA-8620-E01BD3BAB73F}.Release|Any CPU.Build.0 = Release|Any CPU
		{32CED1C0-2D49-4AC9-B812-0EB9271C5A00}.Debug|Any CPU.ActiveCfg = Debug|Any CPU
		{32CED1C0-2D49-4AC9-B812-0EB9271C5A00}.Debug|Any CPU.Build.0 = Debug|Any CPU
		{32CED1C0-2D49-4AC9-B812-0EB9271C5A00}.Release|Any CPU.ActiveCfg = Release|Any CPU
		{32CED1C0-2D49-4AC9-B812-0EB9271C5A00}.Release|Any CPU.Build.0 = Release|Any CPU
		{6FDA2A78-8CF8-405C-9A27-002335BB9745}.Debug|Any CPU.ActiveCfg = Debug|Any CPU
		{6FDA2A78-8CF8-405C-9A27-002335BB9745}.Debug|Any CPU.Build.0 = Debug|Any CPU
		{6FDA2A78-8CF8-405C-9A27-002335BB9745}.Release|Any CPU.ActiveCfg = Release|Any CPU
		{6FDA2A78-8CF8-405C-9A27-002335BB9745}.Release|Any CPU.Build.0 = Release|Any CPU
		{20061394-48DA-49B0-BD54-5E4653784608}.Debug|Any CPU.ActiveCfg = Debug|Any CPU
		{20061394-48DA-49B0-BD54-5E4653784608}.Debug|Any CPU.Build.0 = Debug|Any CPU
		{20061394-48DA-49B0-BD54-5E4653784608}.Release|Any CPU.ActiveCfg = Release|Any CPU
		{20061394-48DA-49B0-BD54-5E4653784608}.Release|Any CPU.Build.0 = Release|Any CPU
		{ECDB2525-7235-4D43-B747-D3134E9EAD32}.Debug|Any CPU.ActiveCfg = Debug|Any CPU
		{ECDB2525-7235-4D43-B747-D3134E9EAD32}.Debug|Any CPU.Build.0 = Debug|Any CPU
		{ECDB2525-7235-4D43-B747-D3134E9EAD32}.Release|Any CPU.ActiveCfg = Release|Any CPU
		{ECDB2525-7235-4D43-B747-D3134E9EAD32}.Release|Any CPU.Build.0 = Release|Any CPU
	EndGlobalSection
	GlobalSection(SolutionProperties) = preSolution
		HideSolutionNode = FALSE
	EndGlobalSection
	GlobalSection(NestedProjects) = preSolution
		{1232ADC8-56F7-4375-8A8B-4A8E409FF494} = {A0227CED-29FC-4234-9115-2320D6F5841A}
		{28B65EE9-50D2-459D-91E4-5BCC5FB27640} = {1232ADC8-56F7-4375-8A8B-4A8E409FF494}
		{5BE3AA84-A753-4E0D-BE89-193004A99DC8} = {28B65EE9-50D2-459D-91E4-5BCC5FB27640}
		{410CABF2-BCBF-4577-935C-DCD6982A3FBB} = {1232ADC8-56F7-4375-8A8B-4A8E409FF494}
		{6FD38ED1-79E5-47A3-B1B4-54FEBD4484D1} = {410CABF2-BCBF-4577-935C-DCD6982A3FBB}
		{67441FFE-6DDB-45B2-AB35-BBE7BB2A8116} = {1232ADC8-56F7-4375-8A8B-4A8E409FF494}
		{3CA0A84E-373C-4482-8562-2902E76F624A} = {67441FFE-6DDB-45B2-AB35-BBE7BB2A8116}
		{BC75EF1C-E16D-4E26-98F0-9D8408069B22} = {1232ADC8-56F7-4375-8A8B-4A8E409FF494}
		{E41C8372-4201-4C66-A5E3-D546B41B551F} = {BC75EF1C-E16D-4E26-98F0-9D8408069B22}
		{C23F8249-B0DE-4052-B22E-D463093CB4E8} = {28B65EE9-50D2-459D-91E4-5BCC5FB27640}
		{92634EF0-4C61-4042-B56A-61C9AEBDD580} = {BC75EF1C-E16D-4E26-98F0-9D8408069B22}
		{F0427F76-6866-44AD-B7E8-D6B74248B33E} = {A0227CED-29FC-4234-9115-2320D6F5841A}
		{66ABDDAB-B74D-4949-878A-EE1ECAB38841} = {F0427F76-6866-44AD-B7E8-D6B74248B33E}
		{E2A44FA3-4995-47F5-B273-49A68E692F53} = {66ABDDAB-B74D-4949-878A-EE1ECAB38841}
		{7E34C0B9-41E4-4AAC-95B6-937EAB10AD48} = {66ABDDAB-B74D-4949-878A-EE1ECAB38841}
		{BFC9394B-EEF3-438A-AB14-3CCA4CCE5043} = {F0427F76-6866-44AD-B7E8-D6B74248B33E}
		{78E2A4C5-9117-4A33-AC19-A1CAB66C837E} = {BFC9394B-EEF3-438A-AB14-3CCA4CCE5043}
		{656D461F-1C3E-470E-9466-DA90C5DFC9E6} = {BFC9394B-EEF3-438A-AB14-3CCA4CCE5043}
		{209AD723-893C-4B93-9154-5995FCF72C91} = {F0427F76-6866-44AD-B7E8-D6B74248B33E}
		{F8272B57-074A-4D96-93C8-CD2380B0CA23} = {209AD723-893C-4B93-9154-5995FCF72C91}
		{086CDF55-53E6-4C45-AA3E-D9527E82AD6F} = {209AD723-893C-4B93-9154-5995FCF72C91}
		{7F7A3EA6-C2C3-4728-891B-6D88B9EA6418} = {F0427F76-6866-44AD-B7E8-D6B74248B33E}
		{B38347EB-FA30-4317-B3D9-D7CC9889FDC6} = {7F7A3EA6-C2C3-4728-891B-6D88B9EA6418}
		{68F0D554-58E6-4D18-86E3-01BCC9318530} = {7F7A3EA6-C2C3-4728-891B-6D88B9EA6418}
		{0E408142-C062-4419-953A-8F4EB5EFC5A9} = {F0427F76-6866-44AD-B7E8-D6B74248B33E}
		{D533B6E2-5CD6-4336-BE18-BF24721A8793} = {0E408142-C062-4419-953A-8F4EB5EFC5A9}
		{76A1B134-E9F7-46A0-8159-3C2AB3A62934} = {0E408142-C062-4419-953A-8F4EB5EFC5A9}
		{A5D90CFC-B9CF-47A5-ADBF-A14847437979} = {F0427F76-6866-44AD-B7E8-D6B74248B33E}
		{164C0D73-1EAC-40D8-B779-821A9B7572DD} = {A5D90CFC-B9CF-47A5-ADBF-A14847437979}
		{CD3FB56B-52F0-44DA-8620-E01BD3BAB73F} = {A5D90CFC-B9CF-47A5-ADBF-A14847437979}
		{72BB4AEC-FD67-4ECD-9F02-5B4C708BF120} = {F0427F76-6866-44AD-B7E8-D6B74248B33E}
		{32CED1C0-2D49-4AC9-B812-0EB9271C5A00} = {72BB4AEC-FD67-4ECD-9F02-5B4C708BF120}
		{6FDA2A78-8CF8-405C-9A27-002335BB9745} = {72BB4AEC-FD67-4ECD-9F02-5B4C708BF120}
		{C383D58E-2445-4650-A143-4510F7016B7F} = {F0427F76-6866-44AD-B7E8-D6B74248B33E}
		{20061394-48DA-49B0-BD54-5E4653784608} = {C383D58E-2445-4650-A143-4510F7016B7F}
		{ECDB2525-7235-4D43-B747-D3134E9EAD32} = {C383D58E-2445-4650-A143-4510F7016B7F}
	EndGlobalSection
EndGlobal
